
Microsoft Visual Studio Solution File, Format Version 12.00
# Visual Studio Version 17
VisualStudioVersion = 17.8.34309.116
MinimumVisualStudioVersion = 10.0.40219.1
Project("{FAE04EC0-301F-11D3-BF4B-00C04F79EFBC}") = "Harutyunyan_C#", "Harutyunyan_C#.csproj", "{F653879E-5ACC-409A-87AF-9F21402F75C2}"
EndProject
Global
	GlobalSection(SolutionConfigurationPlatforms) = preSolution
		Debug|Any CPU = Debug|Any CPU
		Release|Any CPU = Release|Any CPU
	EndGlobalSection
	GlobalSection(ProjectConfigurationPlatforms) = postSolution
		{F653879E-5ACC-409A-87AF-9F21402F75C2}.Debug|Any CPU.ActiveCfg = Debug|Any CPU
		{F653879E-5ACC-409A-87AF-9F21402F75C2}.Debug|Any CPU.Build.0 = Debug|Any CPU
		{F653879E-5ACC-409A-87AF-9F21402F75C2}.Release|Any CPU.ActiveCfg = Release|Any CPU
		{F653879E-5ACC-409A-87AF-9F21402F75C2}.Release|Any CPU.Build.0 = Release|Any CPU
	EndGlobalSection
	GlobalSection(SolutionProperties) = preSolution
		HideSolutionNode = FALSE
	EndGlobalSection
	GlobalSection(ExtensibilityGlobals) = postSolution
		SolutionGuid = {4816AAE2-44D6-4EC1-8AC0-41E30C518146}
	EndGlobalSection
EndGlobal
